{
  "requires": true,
  "lockfileVersion": 1,
  "dependencies": {
    "@angular/forms": {
      "version": "10.1.3",
      "resolved": "https://registry.npmjs.org/@angular/forms/-/forms-10.1.3.tgz",
      "integrity": "sha512-ntLnIZnEo+9ziajnjQPYvVR5m0gRfQBbXx5dug4EuUI5SzE2WzcTEZTnltgw4cLqOy/fOt8cXMiW0YeRBHsjKA==",
      "requires": {
        "tslib": "^2.0.0"
      }
    },
    "es6-promise": {
      "version": "3.3.1",
      "resolved": "https://registry.npmjs.org/es6-promise/-/es6-promise-3.3.1.tgz",
      "integrity": "sha1-oIzd6EzNvzTQJ6FFG8kdS80ophM=",
      "optional": true
    },
    "httpclient": {
      "version": "0.1.0",
      "resolved": "https://registry.npmjs.org/httpclient/-/httpclient-0.1.0.tgz",
      "integrity": "sha1-aAQWs4zIa3gwK3q925OgzQMAMW8=",
      "requires": {
        "es6-promise": "^3.1.2"
      }
    },
    "rxjs": {
      "version": "6.6.3",
      "resolved": "https://registry.npmjs.org/rxjs/-/rxjs-6.6.3.tgz",
      "integrity": "sha512-trsQc+xYYXZ3urjOiJOuCOa5N3jAZ3eiSpQB5hIT8zGlL2QfnHLJ2r7GMkBGuIausdJN1OneaI6gQlsqNHHmZQ==",
      "requires": {
        "tslib": "^1.9.0"
      },
      "dependencies": {
        "tslib": {
          "version": "1.13.0",
          "resolved": "https://registry.npmjs.org/tslib/-/tslib-1.13.0.tgz",
          "integrity": "sha512-i/6DQjL8Xf3be4K/E6Wgpekn5Qasl1usyw++dAA35Ue5orEn65VIxOA+YvNNl9HV3qv70T7CNwjODHZrLwvd1Q=="
        }
      }
    },
    "tslib": {
      "version": "2.0.1",
      "resolved": "https://registry.npmjs.org/tslib/-/tslib-2.0.1.tgz",
      "integrity": "sha512-SgIkNheinmEBgx1IUNirK0TUD4X9yjjBRTqqjggWCU3pUEqIk3/Uwl3yRixYKT6WjQuGiwDv4NomL3wqRCj+CQ=="
    }
  }
}
